// !$*UTF8*$!
{
	archiveVersion = 1;
	classes = {
	};
	objectVersion = 50;
	objects = {

/* Begin PBXBuildFile section */
		6E708A4F254065360029FCC2 /* EditProductVC.swift in Sources */ = {isa = PBXBuildFile; fileRef = 6E708A4E254065360029FCC2 /* EditProductVC.swift */; };
		6E708A53254065D20029FCC2 /* EditProductView.swift in Sources */ = {isa = PBXBuildFile; fileRef = 6E708A52254065D20029FCC2 /* EditProductView.swift */; };
		6E708A5625409DFC0029FCC2 /* UpdateDataFromProductDelegate.swift in Sources */ = {isa = PBXBuildFile; fileRef = 6E708A5525409DFC0029FCC2 /* UpdateDataFromProductDelegate.swift */; };
		6EAE7E7F253EFC7D00B21C6E /* AppDelegate.swift in Sources */ = {isa = PBXBuildFile; fileRef = 6EAE7E7E253EFC7D00B21C6E /* AppDelegate.swift */; };
		6EAE7E81253EFC7D00B21C6E /* SceneDelegate.swift in Sources */ = {isa = PBXBuildFile; fileRef = 6EAE7E80253EFC7D00B21C6E /* SceneDelegate.swift */; };
		6EAE7E89253EFC7D00B21C6E /* Empilhados.xcdatamodeld in Sources */ = {isa = PBXBuildFile; fileRef = 6EAE7E87253EFC7D00B21C6E /* Empilhados.xcdatamodeld */; };
		6EAE7E8B253EFC7E00B21C6E /* Assets.xcassets in Resources */ = {isa = PBXBuildFile; fileRef = 6EAE7E8A253EFC7E00B21C6E /* Assets.xcassets */; };
		6EAE7E8E253EFC7E00B21C6E /* LaunchScreen.storyboard in Resources */ = {isa = PBXBuildFile; fileRef = 6EAE7E8C253EFC7E00B21C6E /* LaunchScreen.storyboard */; };
		6EAE7E9E253EFE9D00B21C6E /* TabBarVC.swift in Sources */ = {isa = PBXBuildFile; fileRef = 6EAE7E9D253EFE9D00B21C6E /* TabBarVC.swift */; };
		6EAE7EA1253F002600B21C6E /* StorageVC.swift in Sources */ = {isa = PBXBuildFile; fileRef = 6EAE7EA0253F002600B21C6E /* StorageVC.swift */; };
		6EAE7EA4253F003100B21C6E /* DeliveryVC.swift in Sources */ = {isa = PBXBuildFile; fileRef = 6EAE7EA3253F003100B21C6E /* DeliveryVC.swift */; };
		6EAE7EA9253F0B4D00B21C6E /* StorageView.swift in Sources */ = {isa = PBXBuildFile; fileRef = 6EAE7EA8253F0B4D00B21C6E /* StorageView.swift */; };
		6EAE7EAE253F103600B21C6E /* ProductTableViewCell.swift in Sources */ = {isa = PBXBuildFile; fileRef = 6EAE7EAD253F103600B21C6E /* ProductTableViewCell.swift */; };
		6EAE7EB2253F20C100B21C6E /* Product+CoreDataClass.swift in Sources */ = {isa = PBXBuildFile; fileRef = 6EAE7EB0253F20C100B21C6E /* Product+CoreDataClass.swift */; };
		6EAE7EB3253F20C100B21C6E /* Product+CoreDataProperties.swift in Sources */ = {isa = PBXBuildFile; fileRef = 6EAE7EB1253F20C100B21C6E /* Product+CoreDataProperties.swift */; };
		6EAE7EB8253F4A5700B21C6E /* AddProductToStorageVC.swift in Sources */ = {isa = PBXBuildFile; fileRef = 6EAE7EB7253F4A5700B21C6E /* AddProductToStorageVC.swift */; };
		6EAE7EBC253F4C0500B21C6E /* AddProductToStorageView.swift in Sources */ = {isa = PBXBuildFile; fileRef = 6EAE7EBB253F4C0500B21C6E /* AddProductToStorageView.swift */; };
		6EAE7EC0253F643A00B21C6E /* RefreshDataFromTableDelegate.swift in Sources */ = {isa = PBXBuildFile; fileRef = 6EAE7EBF253F643A00B21C6E /* RefreshDataFromTableDelegate.swift */; };
/* End PBXBuildFile section */

/* Begin PBXFileReference section */
		6E708A4E254065360029FCC2 /* EditProductVC.swift */ = {isa = PBXFileReference; lastKnownFileType = sourcecode.swift; path = EditProductVC.swift; sourceTree = "<group>"; };
		6E708A52254065D20029FCC2 /* EditProductView.swift */ = {isa = PBXFileReference; lastKnownFileType = sourcecode.swift; path = EditProductView.swift; sourceTree = "<group>"; };
		6E708A5525409DFC0029FCC2 /* UpdateDataFromProductDelegate.swift */ = {isa = PBXFileReference; lastKnownFileType = sourcecode.swift; path = UpdateDataFromProductDelegate.swift; sourceTree = "<group>"; };
		6EAE7E7B253EFC7D00B21C6E /* Empilhados.app */ = {isa = PBXFileReference; explicitFileType = wrapper.application; includeInIndex = 0; path = Empilhados.app; sourceTree = BUILT_PRODUCTS_DIR; };
		6EAE7E7E253EFC7D00B21C6E /* AppDelegate.swift */ = {isa = PBXFileReference; lastKnownFileType = sourcecode.swift; path = AppDelegate.swift; sourceTree = "<group>"; };
		6EAE7E80253EFC7D00B21C6E /* SceneDelegate.swift */ = {isa = PBXFileReference; lastKnownFileType = sourcecode.swift; path = SceneDelegate.swift; sourceTree = "<group>"; };
		6EAE7E88253EFC7D00B21C6E /* Empilhados.xcdatamodel */ = {isa = PBXFileReference; lastKnownFileType = wrapper.xcdatamodel; path = Empilhados.xcdatamodel; sourceTree = "<group>"; };
		6EAE7E8A253EFC7E00B21C6E /* Assets.xcassets */ = {isa = PBXFileReference; lastKnownFileType = folder.assetcatalog; path = Assets.xcassets; sourceTree = "<group>"; };
		6EAE7E8D253EFC7E00B21C6E /* Base */ = {isa = PBXFileReference; lastKnownFileType = file.storyboard; name = Base; path = Base.lproj/LaunchScreen.storyboard; sourceTree = "<group>"; };
		6EAE7E8F253EFC7E00B21C6E /* Info.plist */ = {isa = PBXFileReference; lastKnownFileType = text.plist.xml; path = Info.plist; sourceTree = "<group>"; };
		6EAE7E96253EFCD900B21C6E /* Empilhados.entitlements */ = {isa = PBXFileReference; lastKnownFileType = text.plist.entitlements; path = Empilhados.entitlements; sourceTree = "<group>"; };
		6EAE7E9D253EFE9D00B21C6E /* TabBarVC.swift */ = {isa = PBXFileReference; lastKnownFileType = sourcecode.swift; path = TabBarVC.swift; sourceTree = "<group>"; };
		6EAE7EA0253F002600B21C6E /* StorageVC.swift */ = {isa = PBXFileReference; lastKnownFileType = sourcecode.swift; path = StorageVC.swift; sourceTree = "<group>"; };
		6EAE7EA3253F003100B21C6E /* DeliveryVC.swift */ = {isa = PBXFileReference; lastKnownFileType = sourcecode.swift; path = DeliveryVC.swift; sourceTree = "<group>"; };
		6EAE7EA8253F0B4D00B21C6E /* StorageView.swift */ = {isa = PBXFileReference; lastKnownFileType = sourcecode.swift; path = StorageView.swift; sourceTree = "<group>"; };
		6EAE7EAD253F103600B21C6E /* ProductTableViewCell.swift */ = {isa = PBXFileReference; lastKnownFileType = sourcecode.swift; path = ProductTableViewCell.swift; sourceTree = "<group>"; };
		6EAE7EB0253F20C100B21C6E /* Product+CoreDataClass.swift */ = {isa = PBXFileReference; lastKnownFileType = sourcecode.swift; path = "Product+CoreDataClass.swift"; sourceTree = "<group>"; };
		6EAE7EB1253F20C100B21C6E /* Product+CoreDataProperties.swift */ = {isa = PBXFileReference; lastKnownFileType = sourcecode.swift; path = "Product+CoreDataProperties.swift"; sourceTree = "<group>"; };
		6EAE7EB7253F4A5700B21C6E /* AddProductToStorageVC.swift */ = {isa = PBXFileReference; lastKnownFileType = sourcecode.swift; path = AddProductToStorageVC.swift; sourceTree = "<group>"; };
		6EAE7EBB253F4C0500B21C6E /* AddProductToStorageView.swift */ = {isa = PBXFileReference; lastKnownFileType = sourcecode.swift; path = AddProductToStorageView.swift; sourceTree = "<group>"; };
		6EAE7EBF253F643A00B21C6E /* RefreshDataFromTableDelegate.swift */ = {isa = PBXFileReference; lastKnownFileType = sourcecode.swift; path = RefreshDataFromTableDelegate.swift; sourceTree = "<group>"; };
/* End PBXFileReference section */

/* Begin PBXFrameworksBuildPhase section */
		6EAE7E78253EFC7D00B21C6E /* Frameworks */ = {
			isa = PBXFrameworksBuildPhase;
			buildActionMask = 2147483647;
			files = (
			);
			runOnlyForDeploymentPostprocessing = 0;
		};
/* End PBXFrameworksBuildPhase section */

/* Begin PBXGroup section */
		6EAE7E72253EFC7D00B21C6E = {
			isa = PBXGroup;
			children = (
				6EAE7E7D253EFC7D00B21C6E /* Empilhados */,
				6EAE7E7C253EFC7D00B21C6E /* Products */,
			);
			sourceTree = "<group>";
		};
		6EAE7E7C253EFC7D00B21C6E /* Products */ = {
			isa = PBXGroup;
			children = (
				6EAE7E7B253EFC7D00B21C6E /* Empilhados.app */,
			);
			name = Products;
			sourceTree = "<group>";
		};
		6EAE7E7D253EFC7D00B21C6E /* Empilhados */ = {
			isa = PBXGroup;
			children = (
				6EAE7E96253EFCD900B21C6E /* Empilhados.entitlements */,
				6EAE7E8F253EFC7E00B21C6E /* Info.plist */,
				6EAE7EBE253F642200B21C6E /* Protocols */,
				6EAE7E9C253EFD7A00B21C6E /* Shared */,
				6EAE7E99253EFD5600B21C6E /* Model */,
				6EAE7E9A253EFD5C00B21C6E /* View */,
				6EAE7E9B253EFD6500B21C6E /* Control */,
			);
			path = Empilhados;
			sourceTree = "<group>";
		};
		6EAE7E99253EFD5600B21C6E /* Model */ = {
			isa = PBXGroup;
			children = (
				6EAE7EB0253F20C100B21C6E /* Product+CoreDataClass.swift */,
				6EAE7EB1253F20C100B21C6E /* Product+CoreDataProperties.swift */,
			);
			name = Model;
			sourceTree = "<group>";
		};
		6EAE7E9A253EFD5C00B21C6E /* View */ = {
			isa = PBXGroup;
			children = (
				6EAE7EAB253F0CBF00B21C6E /* Storage */,
			);
			path = View;
			sourceTree = "<group>";
		};
		6EAE7E9B253EFD6500B21C6E /* Control */ = {
			isa = PBXGroup;
			children = (
				6EAE7EB6253F4A3700B21C6E /* Storage */,
				6EAE7E9D253EFE9D00B21C6E /* TabBarVC.swift */,
				6EAE7EA3253F003100B21C6E /* DeliveryVC.swift */,
			);
			name = Control;
			sourceTree = "<group>";
		};
		6EAE7E9C253EFD7A00B21C6E /* Shared */ = {
			isa = PBXGroup;
			children = (
				6EAE7E7E253EFC7D00B21C6E /* AppDelegate.swift */,
				6EAE7E80253EFC7D00B21C6E /* SceneDelegate.swift */,
				6EAE7E8A253EFC7E00B21C6E /* Assets.xcassets */,
				6EAE7E8C253EFC7E00B21C6E /* LaunchScreen.storyboard */,
				6EAE7E87253EFC7D00B21C6E /* Empilhados.xcdatamodeld */,
			);
			path = Shared;
			sourceTree = "<group>";
		};
		6EAE7EAB253F0CBF00B21C6E /* Storage */ = {
			isa = PBXGroup;
			children = (
				6EAE7EA8253F0B4D00B21C6E /* StorageView.swift */,
				6EAE7EAD253F103600B21C6E /* ProductTableViewCell.swift */,
				6EAE7EBB253F4C0500B21C6E /* AddProductToStorageView.swift */,
				6E708A52254065D20029FCC2 /* EditProductView.swift */,
			);
			path = Storage;
			sourceTree = "<group>";
		};
		6EAE7EB6253F4A3700B21C6E /* Storage */ = {
			isa = PBXGroup;
			children = (
				6EAE7EA0253F002600B21C6E /* StorageVC.swift */,
				6EAE7EB7253F4A5700B21C6E /* AddProductToStorageVC.swift */,
				6E708A4E254065360029FCC2 /* EditProductVC.swift */,
			);
			path = Storage;
			sourceTree = "<group>";
		};
		6EAE7EBE253F642200B21C6E /* Protocols */ = {
			isa = PBXGroup;
			children = (
				6EAE7EBF253F643A00B21C6E /* RefreshDataFromTableDelegate.swift */,
				6E708A5525409DFC0029FCC2 /* UpdateDataFromProductDelegate.swift */,
			);
			path = Protocols;
			sourceTree = "<group>";
		};
/* End PBXGroup section */

/* Begin PBXNativeTarget section */
		6EAE7E7A253EFC7D00B21C6E /* Empilhados */ = {
			isa = PBXNativeTarget;
			buildConfigurationList = 6EAE7E92253EFC7E00B21C6E /* Build configuration list for PBXNativeTarget "Empilhados" */;
			buildPhases = (
				6EAE7E77253EFC7D00B21C6E /* Sources */,
				6EAE7E78253EFC7D00B21C6E /* Frameworks */,
				6EAE7E79253EFC7D00B21C6E /* Resources */,
			);
			buildRules = (
			);
			dependencies = (
			);
			name = Empilhados;
			productName = Empilhados;
			productReference = 6EAE7E7B253EFC7D00B21C6E /* Empilhados.app */;
			productType = "com.apple.product-type.application";
		};
/* End PBXNativeTarget section */

/* Begin PBXProject section */
		6EAE7E73253EFC7D00B21C6E /* Project object */ = {
			isa = PBXProject;
			attributes = {
				LastSwiftUpdateCheck = 1200;
				LastUpgradeCheck = 1200;
				TargetAttributes = {
					6EAE7E7A253EFC7D00B21C6E = {
						CreatedOnToolsVersion = 12.0.1;
					};
				};
			};
			buildConfigurationList = 6EAE7E76253EFC7D00B21C6E /* Build configuration list for PBXProject "Empilhados" */;
			compatibilityVersion = "Xcode 9.3";
			developmentRegion = en;
			hasScannedForEncodings = 0;
			knownRegions = (
				en,
				Base,
			);
			mainGroup = 6EAE7E72253EFC7D00B21C6E;
			productRefGroup = 6EAE7E7C253EFC7D00B21C6E /* Products */;
			projectDirPath = "";
			projectRoot = "";
			targets = (
				6EAE7E7A253EFC7D00B21C6E /* Empilhados */,
			);
		};
/* End PBXProject section */

/* Begin PBXResourcesBuildPhase section */
		6EAE7E79253EFC7D00B21C6E /* Resources */ = {
			isa = PBXResourcesBuildPhase;
			buildActionMask = 2147483647;
			files = (
				6EAE7E8E253EFC7E00B21C6E /* LaunchScreen.storyboard in Resources */,
				6EAE7E8B253EFC7E00B21C6E /* Assets.xcassets in Resources */,
			);
			runOnlyForDeploymentPostprocessing = 0;
		};
/* End PBXResourcesBuildPhase section */

/* Begin PBXSourcesBuildPhase section */
		6EAE7E77253EFC7D00B21C6E /* Sources */ = {
			isa = PBXSourcesBuildPhase;
			buildActionMask = 2147483647;
			files = (
				6E708A4F254065360029FCC2 /* EditProductVC.swift in Sources */,
				6EAE7EC0253F643A00B21C6E /* RefreshDataFromTableDelegate.swift in Sources */,
				6EAE7E89253EFC7D00B21C6E /* Empilhados.xcdatamodeld in Sources */,
				6EAE7EAE253F103600B21C6E /* ProductTableViewCell.swift in Sources */,
				6EAE7EB3253F20C100B21C6E /* Product+CoreDataProperties.swift in Sources */,
				6EAE7EB2253F20C100B21C6E /* Product+CoreDataClass.swift in Sources */,
				6E708A53254065D20029FCC2 /* EditProductView.swift in Sources */,
				6EAE7E9E253EFE9D00B21C6E /* TabBarVC.swift in Sources */,
				6EAE7EA4253F003100B21C6E /* DeliveryVC.swift in Sources */,
				6EAE7EA9253F0B4D00B21C6E /* StorageView.swift in Sources */,
				6EAE7E7F253EFC7D00B21C6E /* AppDelegate.swift in Sources */,
				6EAE7EA1253F002600B21C6E /* StorageVC.swift in Sources */,
				6E708A5625409DFC0029FCC2 /* UpdateDataFromProductDelegate.swift in Sources */,
				6EAE7EBC253F4C0500B21C6E /* AddProductToStorageView.swift in Sources */,
				6EAE7E81253EFC7D00B21C6E /* SceneDelegate.swift in Sources */,
				6EAE7EB8253F4A5700B21C6E /* AddProductToStorageVC.swift in Sources */,
			);
			runOnlyForDeploymentPostprocessing = 0;
		};
/* End PBXSourcesBuildPhase section */

/* Begin PBXVariantGroup section */
		6EAE7E8C253EFC7E00B21C6E /* LaunchScreen.storyboard */ = {
			isa = PBXVariantGroup;
			children = (
				6EAE7E8D253EFC7E00B21C6E /* Base */,
			);
			name = LaunchScreen.storyboard;
			sourceTree = "<group>";
		};
/* End PBXVariantGroup section */

/* Begin XCBuildConfiguration section */
		6EAE7E90253EFC7E00B21C6E /* Debug */ = {
			isa = XCBuildConfiguration;
			buildSettings = {
				ALWAYS_SEARCH_USER_PATHS = NO;
				CLANG_ANALYZER_NONNULL = YES;
				CLANG_ANALYZER_NUMBER_OBJECT_CONVERSION = YES_AGGRESSIVE;
				CLANG_CXX_LANGUAGE_STANDARD = "gnu++14";
				CLANG_CXX_LIBRARY = "libc++";
				CLANG_ENABLE_MODULES = YES;
				CLANG_ENABLE_OBJC_ARC = YES;
				CLANG_ENABLE_OBJC_WEAK = YES;
				CLANG_WARN_BLOCK_CAPTURE_AUTORELEASING = YES;
				CLANG_WARN_BOOL_CONVERSION = YES;
				CLANG_WARN_COMMA = YES;
				CLANG_WARN_CONSTANT_CONVERSION = YES;
				CLANG_WARN_DEPRECATED_OBJC_IMPLEMENTATIONS = YES;
				CLANG_WARN_DIRECT_OBJC_ISA_USAGE = YES_ERROR;
				CLANG_WARN_DOCUMENTATION_COMMENTS = YES;
				CLANG_WARN_EMPTY_BODY = YES;
				CLANG_WARN_ENUM_CONVERSION = YES;
				CLANG_WARN_INFINITE_RECURSION = YES;
				CLANG_WARN_INT_CONVERSION = YES;
				CLANG_WARN_NON_LITERAL_NULL_CONVERSION = YES;
				CLANG_WARN_OBJC_IMPLICIT_RETAIN_SELF = YES;
				CLANG_WARN_OBJC_LITERAL_CONVERSION = YES;
				CLANG_WARN_OBJC_ROOT_CLASS = YES_ERROR;
				CLANG_WARN_QUOTED_INCLUDE_IN_FRAMEWORK_HEADER = YES;
				CLANG_WARN_RANGE_LOOP_ANALYSIS = YES;
				CLANG_WARN_STRICT_PROTOTYPES = YES;
				CLANG_WARN_SUSPICIOUS_MOVE = YES;
				CLANG_WARN_UNGUARDED_AVAILABILITY = YES_AGGRESSIVE;
				CLANG_WARN_UNREACHABLE_CODE = YES;
				CLANG_WARN__DUPLICATE_METHOD_MATCH = YES;
				COPY_PHASE_STRIP = NO;
				DEBUG_INFORMATION_FORMAT = dwarf;
				ENABLE_STRICT_OBJC_MSGSEND = YES;
				ENABLE_TESTABILITY = YES;
				GCC_C_LANGUAGE_STANDARD = gnu11;
				GCC_DYNAMIC_NO_PIC = NO;
				GCC_NO_COMMON_BLOCKS = YES;
				GCC_OPTIMIZATION_LEVEL = 0;
				GCC_PREPROCESSOR_DEFINITIONS = (
					"DEBUG=1",
					"$(inherited)",
				);
				GCC_WARN_64_TO_32_BIT_CONVERSION = YES;
				GCC_WARN_ABOUT_RETURN_TYPE = YES_ERROR;
				GCC_WARN_UNDECLARED_SELECTOR = YES;
				GCC_WARN_UNINITIALIZED_AUTOS = YES_AGGRESSIVE;
				GCC_WARN_UNUSED_FUNCTION = YES;
				GCC_WARN_UNUSED_VARIABLE = YES;
				IPHONEOS_DEPLOYMENT_TARGET = 14.0;
				MTL_ENABLE_DEBUG_INFO = INCLUDE_SOURCE;
				MTL_FAST_MATH = YES;
				ONLY_ACTIVE_ARCH = YES;
				SDKROOT = iphoneos;
				SWIFT_ACTIVE_COMPILATION_CONDITIONS = DEBUG;
				SWIFT_OPTIMIZATION_LEVEL = "-Onone";
			};
			name = Debug;
		};
		6EAE7E91253EFC7E00B21C6E /* Release */ = {
			isa = XCBuildConfiguration;
			buildSettings = {
				ALWAYS_SEARCH_USER_PATHS = NO;
				CLANG_ANALYZER_NONNULL = YES;
				CLANG_ANALYZER_NUMBER_OBJECT_CONVERSION = YES_AGGRESSIVE;
				CLANG_CXX_LANGUAGE_STANDARD = "gnu++14";
				CLANG_CXX_LIBRARY = "libc++";
				CLANG_ENABLE_MODULES = YES;
				CLANG_ENABLE_OBJC_ARC = YES;
				CLANG_ENABLE_OBJC_WEAK = YES;
				CLANG_WARN_BLOCK_CAPTURE_AUTORELEASING = YES;
				CLANG_WARN_BOOL_CONVERSION = YES;
				CLANG_WARN_COMMA = YES;
				CLANG_WARN_CONSTANT_CONVERSION = YES;
				CLANG_WARN_DEPRECATED_OBJC_IMPLEMENTATIONS = YES;
				CLANG_WARN_DIRECT_OBJC_ISA_USAGE = YES_ERROR;
				CLANG_WARN_DOCUMENTATION_COMMENTS = YES;
				CLANG_WARN_EMPTY_BODY = YES;
				CLANG_WARN_ENUM_CONVERSION = YES;
				CLANG_WARN_INFINITE_RECURSION = YES;
				CLANG_WARN_INT_CONVERSION = YES;
				CLANG_WARN_NON_LITERAL_NULL_CONVERSION = YES;
				CLANG_WARN_OBJC_IMPLICIT_RETAIN_SELF = YES;
				CLANG_WARN_OBJC_LITERAL_CONVERSION = YES;
				CLANG_WARN_OBJC_ROOT_CLASS = YES_ERROR;
				CLANG_WARN_QUOTED_INCLUDE_IN_FRAMEWORK_HEADER = YES;
				CLANG_WARN_RANGE_LOOP_ANALYSIS = YES;
				CLANG_WARN_STRICT_PROTOTYPES = YES;
				CLANG_WARN_SUSPICIOUS_MOVE = YES;
				CLANG_WARN_UNGUARDED_AVAILABILITY = YES_AGGRESSIVE;
				CLANG_WARN_UNREACHABLE_CODE = YES;
				CLANG_WARN__DUPLICATE_METHOD_MATCH = YES;
				COPY_PHASE_STRIP = NO;
				DEBUG_INFORMATION_FORMAT = "dwarf-with-dsym";
				ENABLE_NS_ASSERTIONS = NO;
				ENABLE_STRICT_OBJC_MSGSEND = YES;
				GCC_C_LANGUAGE_STANDARD = gnu11;
				GCC_NO_COMMON_BLOCKS = YES;
				GCC_WARN_64_TO_32_BIT_CONVERSION = YES;
				GCC_WARN_ABOUT_RETURN_TYPE = YES_ERROR;
				GCC_WARN_UNDECLARED_SELECTOR = YES;
				GCC_WARN_UNINITIALIZED_AUTOS = YES_AGGRESSIVE;
				GCC_WARN_UNUSED_FUNCTION = YES;
				GCC_WARN_UNUSED_VARIABLE = YES;
				IPHONEOS_DEPLOYMENT_TARGET = 14.0;
				MTL_ENABLE_DEBUG_INFO = NO;
				MTL_FAST_MATH = YES;
				SDKROOT = iphoneos;
				SWIFT_COMPILATION_MODE = wholemodule;
				SWIFT_OPTIMIZATION_LEVEL = "-O";
				VALIDATE_PRODUCT = YES;
			};
			name = Release;
		};
		6EAE7E93253EFC7E00B21C6E /* Debug */ = {
			isa = XCBuildConfiguration;
			buildSettings = {
				ASSETCATALOG_COMPILER_APPICON_NAME = AppIcon;
				ASSETCATALOG_COMPILER_GLOBAL_ACCENT_COLOR_NAME = AccentColor;
				CODE_SIGN_ENTITLEMENTS = Empilhados/Empilhados.entitlements;
				CODE_SIGN_STYLE = Automatic;
				DEVELOPMENT_TEAM = BSANZ76H3Y;
				INFOPLIST_FILE = Empilhados/Info.plist;
				LD_RUNPATH_SEARCH_PATHS = (
					"$(inherited)",
					"@executable_path/Frameworks",
				);
				PRODUCT_BUNDLE_IDENTIFIER = hiagochagas.Empilhados;
				PRODUCT_NAME = "$(TARGET_NAME)";
				SWIFT_VERSION = 5.0;
				TARGETED_DEVICE_FAMILY = "1,2";
			};
			name = Debug;
		};
		6EAE7E94253EFC7E00B21C6E /* Release */ = {
			isa = XCBuildConfiguration;
			buildSettings = {
				ASSETCATALOG_COMPILER_APPICON_NAME = AppIcon;
				ASSETCATALOG_COMPILER_GLOBAL_ACCENT_COLOR_NAME = AccentColor;
				CODE_SIGN_ENTITLEMENTS = Empilhados/Empilhados.entitlements;
				CODE_SIGN_STYLE = Automatic;
				DEVELOPMENT_TEAM = BSANZ76H3Y;
				INFOPLIST_FILE = Empilhados/Info.plist;
				LD_RUNPATH_SEARCH_PATHS = (
					"$(inherited)",
					"@executable_path/Frameworks",
				);
				PRODUCT_BUNDLE_IDENTIFIER = hiagochagas.Empilhados;
				PRODUCT_NAME = "$(TARGET_NAME)";
				SWIFT_VERSION = 5.0;
				TARGETED_DEVICE_FAMILY = "1,2";
			};
			name = Release;
		};
/* End XCBuildConfiguration section */

/* Begin XCConfigurationList section */
		6EAE7E76253EFC7D00B21C6E /* Build configuration list for PBXProject "Empilhados" */ = {
			isa = XCConfigurationList;
			buildConfigurations = (
				6EAE7E90253EFC7E00B21C6E /* Debug */,
				6EAE7E91253EFC7E00B21C6E /* Release */,
			);
			defaultConfigurationIsVisible = 0;
			defaultConfigurationName = Release;
		};
		6EAE7E92253EFC7E00B21C6E /* Build configuration list for PBXNativeTarget "Empilhados" */ = {
			isa = XCConfigurationList;
			buildConfigurations = (
				6EAE7E93253EFC7E00B21C6E /* Debug */,
				6EAE7E94253EFC7E00B21C6E /* Release */,
			);
			defaultConfigurationIsVisible = 0;
			defaultConfigurationName = Release;
		};
/* End XCConfigurationList section */

/* Begin XCVersionGroup section */
		6EAE7E87253EFC7D00B21C6E /* Empilhados.xcdatamodeld */ = {
			isa = XCVersionGroup;
			children = (
				6EAE7E88253EFC7D00B21C6E /* Empilhados.xcdatamodel */,
			);
			currentVersion = 6EAE7E88253EFC7D00B21C6E /* Empilhados.xcdatamodel */;
			path = Empilhados.xcdatamodeld;
			sourceTree = "<group>";
			versionGroupType = wrapper.xcdatamodel;
		};
/* End XCVersionGroup section */
	};
	rootObject = 6EAE7E73253EFC7D00B21C6E /* Project object */;
}
